
Microsoft Visual Studio Solution File, Format Version 12.00
# Visual Studio 2013
VisualStudioVersion = 12.0.31101.0
MinimumVisualStudioVersion = 10.0.40219.1
Project("{FAE04EC0-301F-11D3-BF4B-00C04F79EFBC}") = "ConsoleApplication4", "ConsoleApplication4.csproj", "{68572863-4323-4DED-8799-1EA6BB683E4B}"
EndProject
Project("{FAE04EC0-301F-11D3-BF4B-00C04F79EFBC}") = "HelloWorldTest", "..\HelloWorldTest\HelloWorldTest.csproj", "{98E764A0-49BE-459B-8E1C-9F4D27A8B9D9}"
EndProject
Global
	GlobalSection(SolutionConfigurationPlatforms) = preSolution
		Debug|Any CPU = Debug|Any CPU
		Release|Any CPU = Release|Any CPU
	EndGlobalSection
	GlobalSection(ProjectConfigurationPlatforms) = postSolution
		{68572863-4323-4DED-8799-1EA6BB683E4B}.Debug|Any CPU.ActiveCfg = Debug|Any CPU
		{68572863-4323-4DED-8799-1EA6BB683E4B}.Debug|Any CPU.Build.0 = Debug|Any CPU
		{68572863-4323-4DED-8799-1EA6BB683E4B}.Release|Any CPU.ActiveCfg = Release|Any CPU
		{68572863-4323-4DED-8799-1EA6BB683E4B}.Release|Any CPU.Build.0 = Release|Any CPU
		{98E764A0-49BE-459B-8E1C-9F4D27A8B9D9}.Debug|Any CPU.ActiveCfg = Debug|Any CPU
		{98E764A0-49BE-459B-8E1C-9F4D27A8B9D9}.Debug|Any CPU.Build.0 = Debug|Any CPU
		{98E764A0-49BE-459B-8E1C-9F4D27A8B9D9}.Release|Any CPU.ActiveCfg = Release|Any CPU
		{98E764A0-49BE-459B-8E1C-9F4D27A8B9D9}.Release|Any CPU.Build.0 = Release|Any CPU
	EndGlobalSection
	GlobalSection(SolutionProperties) = preSolution
		HideSolutionNode = FALSE
	EndGlobalSection
EndGlobal
