
Microsoft Visual Studio Solution File, Format Version 12.00
# Visual Studio 2013
VisualStudioVersion = 12.0.31101.0
MinimumVisualStudioVersion = 10.0.40219.1
Project("{FAE04EC0-301F-11D3-BF4B-00C04F79EFBC}") = "ThreadManipulator", "ThreadManipulator.csproj", "{CA7848F1-522F-4BFF-BC2F-064864F15999}"
EndProject
Global
	GlobalSection(SolutionConfigurationPlatforms) = preSolution
		Debug|Any CPU = Debug|Any CPU
		Release|Any CPU = Release|Any CPU
	EndGlobalSection
	GlobalSection(ProjectConfigurationPlatforms) = postSolution
		{CA7848F1-522F-4BFF-BC2F-064864F15999}.Debug|Any CPU.ActiveCfg = Debug|Any CPU
		{CA7848F1-522F-4BFF-BC2F-064864F15999}.Debug|Any CPU.Build.0 = Debug|Any CPU
		{CA7848F1-522F-4BFF-BC2F-064864F15999}.Release|Any CPU.ActiveCfg = Release|Any CPU
		{CA7848F1-522F-4BFF-BC2F-064864F15999}.Release|Any CPU.Build.0 = Release|Any CPU
	EndGlobalSection
	GlobalSection(SolutionProperties) = preSolution
		HideSolutionNode = FALSE
	EndGlobalSection
EndGlobal
