
Microsoft Visual Studio Solution File, Format Version 12.00
# Visual Studio 2013
VisualStudioVersion = 12.0.31101.0
MinimumVisualStudioVersion = 10.0.40219.1
Project("{FAE04EC0-301F-11D3-BF4B-00C04F79EFBC}") = "APM_factorial", "APM_factorial.csproj", "{8AB7DD93-7E91-42D1-8938-2CC56D2E83BE}"
EndProject
Global
	GlobalSection(SolutionConfigurationPlatforms) = preSolution
		Debug|Any CPU = Debug|Any CPU
		Release|Any CPU = Release|Any CPU
	EndGlobalSection
	GlobalSection(ProjectConfigurationPlatforms) = postSolution
		{8AB7DD93-7E91-42D1-8938-2CC56D2E83BE}.Debug|Any CPU.ActiveCfg = Debug|Any CPU
		{8AB7DD93-7E91-42D1-8938-2CC56D2E83BE}.Debug|Any CPU.Build.0 = Debug|Any CPU
		{8AB7DD93-7E91-42D1-8938-2CC56D2E83BE}.Release|Any CPU.ActiveCfg = Release|Any CPU
		{8AB7DD93-7E91-42D1-8938-2CC56D2E83BE}.Release|Any CPU.Build.0 = Release|Any CPU
	EndGlobalSection
	GlobalSection(SolutionProperties) = preSolution
		HideSolutionNode = FALSE
	EndGlobalSection
EndGlobal
