
Microsoft Visual Studio Solution File, Format Version 12.00
# Visual Studio 2013
VisualStudioVersion = 12.0.30501.0
MinimumVisualStudioVersion = 10.0.40219.1
Project("{FAE04EC0-301F-11D3-BF4B-00C04F79EFBC}") = "Hello_CodeDOM", "Hello_CodeDOM\Hello_CodeDOM.csproj", "{F305B034-EF8E-40D0-BF2E-F0DAD14A3215}"
EndProject
Global
	GlobalSection(SolutionConfigurationPlatforms) = preSolution
		Debug|Any CPU = Debug|Any CPU
		Release|Any CPU = Release|Any CPU
	EndGlobalSection
	GlobalSection(ProjectConfigurationPlatforms) = postSolution
		{F305B034-EF8E-40D0-BF2E-F0DAD14A3215}.Debug|Any CPU.ActiveCfg = Debug|Any CPU
		{F305B034-EF8E-40D0-BF2E-F0DAD14A3215}.Debug|Any CPU.Build.0 = Debug|Any CPU
		{F305B034-EF8E-40D0-BF2E-F0DAD14A3215}.Release|Any CPU.ActiveCfg = Release|Any CPU
		{F305B034-EF8E-40D0-BF2E-F0DAD14A3215}.Release|Any CPU.Build.0 = Release|Any CPU
	EndGlobalSection
	GlobalSection(SolutionProperties) = preSolution
		HideSolutionNode = FALSE
	EndGlobalSection
EndGlobal
