
Microsoft Visual Studio Solution File, Format Version 12.00
# Visual Studio 2012
Project("{FAE04EC0-301F-11D3-BF4B-00C04F79EFBC}") = "2", "2\2.csproj", "{5DEB6222-E41E-4649-950F-A4A2176932AD}"
EndProject
Global
	GlobalSection(SolutionConfigurationPlatforms) = preSolution
		Debug|Any CPU = Debug|Any CPU
		Release|Any CPU = Release|Any CPU
	EndGlobalSection
	GlobalSection(ProjectConfigurationPlatforms) = postSolution
		{5DEB6222-E41E-4649-950F-A4A2176932AD}.Debug|Any CPU.ActiveCfg = Debug|Any CPU
		{5DEB6222-E41E-4649-950F-A4A2176932AD}.Debug|Any CPU.Build.0 = Debug|Any CPU
		{5DEB6222-E41E-4649-950F-A4A2176932AD}.Release|Any CPU.ActiveCfg = Release|Any CPU
		{5DEB6222-E41E-4649-950F-A4A2176932AD}.Release|Any CPU.Build.0 = Release|Any CPU
	EndGlobalSection
	GlobalSection(SolutionProperties) = preSolution
		HideSolutionNode = FALSE
	EndGlobalSection
EndGlobal
